// !$*UTF8*$!
{
	archiveVersion = 1;
	classes = {
	};
	objectVersion = 54;
	objects = {

/* Begin PBXBuildFile section */
		AAA100000000000000000001 /* assets.pak in Resources */ = {isa = PBXBuildFile; fileRef = AAA100000000000000000002 /* assets.pak */; };
		AAA200000000000000000001 /* Assets.xcassets in Resources */ = {isa = PBXBuildFile; fileRef = AAA200000000000000000002 /* Assets.xcassets */; };
/* End PBXBuildFile section */

/* Begin PBXFileReference section */
		AAA100000000000000000002 /* assets.pak */ = {isa = PBXFileReference; lastKnownFileType = file; path = assets.pak; sourceTree = "<group>"; };
		AAA200000000000000000002 /* Assets.xcassets */ = {isa = PBXFileReference; lastKnownFileType = folder.assetcatalog; path = Assets.xcassets; sourceTree = "<group>"; };
		AAA100000000000000000003 /* Info.plist */ = {isa = PBXFileReference; lastKnownFileType = text.plist.xml; path = Info.plist; sourceTree = "<group>"; };
		AAA100000000000000000004 /* Davenstein.app */ = {isa = PBXFileReference; explicitFileType = wrapper.application; includeInIndex = 0; path = Davenstein.app; sourceTree = BUILT_PRODUCTS_DIR; };
/* End PBXFileReference section */

/* Begin PBXGroup section */
		AAA100000000000000000005 = {
			isa = PBXGroup;
			children = (
				AAA100000000000000000006 /* ios-src */,
				AAA100000000000000000007 /* Products */,
			);
			sourceTree = "<group>";
		};
		AAA100000000000000000006 /* ios-src */ = {
			isa = PBXGroup;
			children = (
				AAA100000000000000000002 /* assets.pak */,
				AAA200000000000000000002 /* Assets.xcassets */,
				AAA100000000000000000003 /* Info.plist */,
			);
			path = "ios-src";
			sourceTree = "<group>";
		};
		AAA100000000000000000007 /* Products */ = {
			isa = PBXGroup;
			children = (
				AAA100000000000000000004 /* Davenstein.app */,
			);
			name = Products;
			sourceTree = "<group>";
		};
/* End PBXGroup section */

/* Begin PBXNativeTarget section */
		AAA100000000000000000008 /* Davenstein */ = {
			isa = PBXNativeTarget;
			buildConfigurationList = AAA100000000000000000009 /* Build configuration list for PBXNativeTarget "Davenstein" */;
			buildPhases = (
				AAA10000000000000000000A /* Rust */,
				AAA10000000000000000000B /* Resources */,
			);
			buildRules = (
			);
			dependencies = (
			);
			name = Davenstein;
			productName = Davenstein;
			productReference = AAA100000000000000000004 /* Davenstein.app */;
			productType = "com.apple.product-type.application";
		};
/* End PBXNativeTarget section */

/* Begin PBXProject section */
		AAA10000000000000000000C /* Project object */ = {
			isa = PBXProject;
			attributes = {
				BuildIndependentTargetsInParallel = YES;
				LastUpgradeCheck = 2600;
				TargetAttributes = {
					AAA100000000000000000008 = {
						CreatedOnToolsVersion = 26.0;
						ProvisioningStyle = Automatic;
					};
				};
			};
			buildConfigurationList = AAA10000000000000000000D /* Build configuration list for PBXProject "Davenstein" */;
			compatibilityVersion = "Xcode 10.0";
			developmentRegion = en;
			hasScannedForEncodings = 0;
			knownRegions = (
				en,
				Base,
			);
			mainGroup = AAA100000000000000000005;
			productRefGroup = AAA100000000000000000007 /* Products */;
			projectDirPath = "";
			projectRoot = "";
			targets = (
				AAA100000000000000000008 /* Davenstein */,
			);
		};
/* End PBXProject section */

/* Begin PBXResourcesBuildPhase section */
		AAA10000000000000000000B /* Resources */ = {
			isa = PBXResourcesBuildPhase;
			buildActionMask = 2147483647;
			files = (
				AAA100000000000000000001 /* assets.pak in Resources */,
				AAA200000000000000000001 /* Assets.xcassets in Resources */,
			);
			runOnlyForDeploymentPostprocessing = 0;
		};
/* End PBXResourcesBuildPhase section */

/* Begin PBXShellScriptBuildPhase section */
		AAA10000000000000000000A /* Rust */ = {
			isa = PBXShellScriptBuildPhase;
			alwaysOutOfDate = 1;
			buildActionMask = 2147483647;
			files = (
			);
			inputFileListPaths = (
			);
			inputPaths = (
				"$(SRCROOT)/build_rust_deps.sh",
			);
			name = Rust;
			outputFileListPaths = (
			);
			outputPaths = (
				"$(TARGET_BUILD_DIR)/$(EXECUTABLE_PATH)",
			);
			runOnlyForDeploymentPostprocessing = 0;
			shellPath = /bin/bash;
			shellScript = "./build_rust_deps.sh\n";
		};
/* End PBXShellScriptBuildPhase section */

/* Begin XCBuildConfiguration section */
		AAA10000000000000000000E /* Debug */ = {
			isa = XCBuildConfiguration;
			buildSettings = {
				ALWAYS_SEARCH_USER_PATHS = NO;
				CLANG_ENABLE_MODULES = YES;
				COPY_PHASE_STRIP = NO;
				DEBUG_INFORMATION_FORMAT = dwarf;
				ENABLE_STRICT_OBJC_MSGSEND = YES;
				GCC_C_LANGUAGE_STANDARD = gnu11;
				GCC_NO_COMMON_BLOCKS = YES;
				ONLY_ACTIVE_ARCH = YES;
				PRODUCT_NAME = "$(TARGET_NAME)";
				SDKROOT = iphoneos;
			};
			name = Debug;
		};
		AAA10000000000000000000F /* Release */ = {
			isa = XCBuildConfiguration;
			buildSettings = {
				ALWAYS_SEARCH_USER_PATHS = NO;
				CLANG_ENABLE_MODULES = YES;
				COPY_PHASE_STRIP = YES;
				DEBUG_INFORMATION_FORMAT = "dwarf-with-dsym";
				ENABLE_NS_ASSERTIONS = NO;
				ENABLE_STRICT_OBJC_MSGSEND = YES;
				GCC_C_LANGUAGE_STANDARD = gnu11;
				GCC_NO_COMMON_BLOCKS = YES;
				PRODUCT_NAME = "$(TARGET_NAME)";
				SDKROOT = iphoneos;
				VALIDATE_PRODUCT = YES;
			};
			name = Release;
		};
		AAA100000000000000000010 /* Debug */ = {
			isa = XCBuildConfiguration;
			buildSettings = {
				ASSETCATALOG_COMPILER_APPICON_NAME = AppIcon;
				CODE_SIGN_IDENTITY = "Apple Development";
				CODE_SIGN_STYLE = Automatic;
				CURRENT_PROJECT_VERSION = 1;
				DAVENSTEIN_REPO_ROOT = "$(SRCROOT)/..";
				DEVELOPMENT_TEAM = "";
				ENABLE_BITCODE = NO;
				ENABLE_USER_SCRIPT_SANDBOXING = NO;
				GENERATE_INFOPLIST_FILE = NO;
				INFOPLIST_FILE = "ios-src/Info.plist";
				IPHONEOS_DEPLOYMENT_TARGET = 12.0;
				MARKETING_VERSION = 1.3.1;
				ONLY_ACTIVE_ARCH = YES;
				PRODUCT_BUNDLE_IDENTIFIER = com.davidpetnick.davenstein;
				PRODUCT_NAME = Davenstein;
				SDKROOT = iphoneos;
				SUPPORTED_PLATFORMS = "iphoneos iphonesimulator";
				SUPPORTS_MACCATALYST = NO;
				TARGETED_DEVICE_FAMILY = "1,2";
			};
			name = Debug;
		};
		AAA100000000000000000011 /* Release */ = {
			isa = XCBuildConfiguration;
			buildSettings = {
				ASSETCATALOG_COMPILER_APPICON_NAME = AppIcon;
				CODE_SIGN_IDENTITY = "Apple Development";
				CODE_SIGN_STYLE = Automatic;
				CURRENT_PROJECT_VERSION = 1;
				DAVENSTEIN_REPO_ROOT = "$(SRCROOT)/..";
				DEVELOPMENT_TEAM = "";
				ENABLE_BITCODE = NO;
				ENABLE_USER_SCRIPT_SANDBOXING = NO;
				GENERATE_INFOPLIST_FILE = NO;
				INFOPLIST_FILE = "ios-src/Info.plist";
				IPHONEOS_DEPLOYMENT_TARGET = 12.0;
				MARKETING_VERSION = 1.3.1;
				ONLY_ACTIVE_ARCH = YES;
				PRODUCT_BUNDLE_IDENTIFIER = com.davidpetnick.davenstein;
				PRODUCT_NAME = Davenstein;
				SDKROOT = iphoneos;
				SUPPORTED_PLATFORMS = "iphoneos iphonesimulator";
				SUPPORTS_MACCATALYST = NO;
				TARGETED_DEVICE_FAMILY = "1,2";
			};
			name = Release;
		};
/* End XCBuildConfiguration section */

/* Begin XCConfigurationList section */
		AAA100000000000000000009 /* Build configuration list for PBXNativeTarget "Davenstein" */ = {
			isa = XCConfigurationList;
			buildConfigurations = (
				AAA100000000000000000010 /* Debug */,
				AAA100000000000000000011 /* Release */,
			);
			defaultConfigurationIsVisible = 0;
			defaultConfigurationName = Release;
		};
		AAA10000000000000000000D /* Build configuration list for PBXProject "Davenstein" */ = {
			isa = XCConfigurationList;
			buildConfigurations = (
				AAA10000000000000000000E /* Debug */,
				AAA10000000000000000000F /* Release */,
			);
			defaultConfigurationIsVisible = 0;
			defaultConfigurationName = Release;
		};
/* End XCConfigurationList section */
	};
	rootObject = AAA10000000000000000000C /* Project object */;
}
